// !$*UTF8*$!
{
	archiveVersion = 1;
	classes = {
	};
	objectVersion = 48;
	objects = {

/* Begin PBXBuildFile section */
		EE44B5451FDC22B300CADE26 /* AppDelegate.swift in Sources */ = {isa = PBXBuildFile; fileRef = EE44B5441FDC22B300CADE26 /* AppDelegate.swift */; };
		EE44B5471FDC22B300CADE26 /* ViewController.swift in Sources */ = {isa = PBXBuildFile; fileRef = EE44B5461FDC22B300CADE26 /* ViewController.swift */; };
		EE44B54A1FDC22B300CADE26 /* Main.storyboard in Resources */ = {isa = PBXBuildFile; fileRef = EE44B5481FDC22B300CADE26 /* Main.storyboard */; };
		EE44B54C1FDC22B300CADE26 /* Assets.xcassets in Resources */ = {isa = PBXBuildFile; fileRef = EE44B54B1FDC22B300CADE26 /* Assets.xcassets */; };
		EE44B54F1FDC22B300CADE26 /* LaunchScreen.storyboard in Resources */ = {isa = PBXBuildFile; fileRef = EE44B54D1FDC22B300CADE26 /* LaunchScreen.storyboard */; };
		EE44B55A1FDC22B300CADE26 /* TestAppTests.swift in Sources */ = {isa = PBXBuildFile; fileRef = EE44B5591FDC22B300CADE26 /* TestAppTests.swift */; };
		EE44B5651FDC22B300CADE26 /* TestAppUITests.swift in Sources */ = {isa = PBXBuildFile; fileRef = EE44B5641FDC22B300CADE26 /* TestAppUITests.swift */; };
/* End PBXBuildFile section */

/* Begin PBXContainerItemProxy section */
		EE44B5561FDC22B300CADE26 /* PBXContainerItemProxy */ = {
			isa = PBXContainerItemProxy;
			containerPortal = EE44B5391FDC22B300CADE26 /* Project object */;
			proxyType = 1;
			remoteGlobalIDString = EE44B5401FDC22B300CADE26;
			remoteInfo = TestApp;
		};
		EE44B5611FDC22B300CADE26 /* PBXContainerItemProxy */ = {
			isa = PBXContainerItemProxy;
			containerPortal = EE44B5391FDC22B300CADE26 /* Project object */;
			proxyType = 1;
			remoteGlobalIDString = EE44B5401FDC22B300CADE26;
			remoteInfo = TestApp;
		};
/* End PBXContainerItemProxy section */

/* Begin PBXFileReference section */
		EE44B5411FDC22B300CADE26 /* TestApp.app */ = {isa = PBXFileReference; explicitFileType = wrapper.application; includeInIndex = 0; path = TestApp.app; sourceTree = BUILT_PRODUCTS_DIR; };
		EE44B5441FDC22B300CADE26 /* AppDelegate.swift */ = {isa = PBXFileReference; lastKnownFileType = sourcecode.swift; path = AppDelegate.swift; sourceTree = "<group>"; };
		EE44B5461FDC22B300CADE26 /* ViewController.swift */ = {isa = PBXFileReference; lastKnownFileType = sourcecode.swift; path = ViewController.swift; sourceTree = "<group>"; };
		EE44B5491FDC22B300CADE26 /* Base */ = {isa = PBXFileReference; lastKnownFileType = file.storyboard; name = Base; path = Base.lproj/Main.storyboard; sourceTree = "<group>"; };
		EE44B54B1FDC22B300CADE26 /* Assets.xcassets */ = {isa = PBXFileReference; lastKnownFileType = folder.assetcatalog; path = Assets.xcassets; sourceTree = "<group>"; };
		EE44B54E1FDC22B300CADE26 /* Base */ = {isa = PBXFileReference; lastKnownFileType = file.storyboard; name = Base; path = Base.lproj/LaunchScreen.storyboard; sourceTree = "<group>"; };
		EE44B5501FDC22B300CADE26 /* Info.plist */ = {isa = PBXFileReference; lastKnownFileType = text.plist.xml; path = Info.plist; sourceTree = "<group>"; };
		EE44B5551FDC22B300CADE26 /* TestAppTests.xctest */ = {isa = PBXFileReference; explicitFileType = wrapper.cfbundle; includeInIndex = 0; path = TestAppTests.xctest; sourceTree = BUILT_PRODUCTS_DIR; };
		EE44B5591FDC22B300CADE26 /* TestAppTests.swift */ = {isa = PBXFileReference; lastKnownFileType = sourcecode.swift; path = TestAppTests.swift; sourceTree = "<group>"; };
		EE44B55B1FDC22B300CADE26 /* Info.plist */ = {isa = PBXFileReference; lastKnownFileType = text.plist.xml; path = Info.plist; sourceTree = "<group>"; };
		EE44B5601FDC22B300CADE26 /* TestAppUITests.xctest */ = {isa = PBXFileReference; explicitFileType = wrapper.cfbundle; includeInIndex = 0; path = TestAppUITests.xctest; sourceTree = BUILT_PRODUCTS_DIR; };
		EE44B5641FDC22B300CADE26 /* TestAppUITests.swift */ = {isa = PBXFileReference; lastKnownFileType = sourcecode.swift; path = TestAppUITests.swift; sourceTree = "<group>"; };
		EE44B5661FDC22B300CADE26 /* Info.plist */ = {isa = PBXFileReference; lastKnownFileType = text.plist.xml; path = Info.plist; sourceTree = "<group>"; };
/* End PBXFileReference section */

/* Begin PBXFrameworksBuildPhase section */
		EE44B53E1FDC22B300CADE26 /* Frameworks */ = {
			isa = PBXFrameworksBuildPhase;
			buildActionMask = 2147483647;
			files = (
			);
			runOnlyForDeploymentPostprocessing = 0;
		};
		EE44B5521FDC22B300CADE26 /* Frameworks */ = {
			isa = PBXFrameworksBuildPhase;
			buildActionMask = 2147483647;
			files = (
			);
			runOnlyForDeploymentPostprocessing = 0;
		};
		EE44B55D1FDC22B300CADE26 /* Frameworks */ = {
			isa = PBXFrameworksBuildPhase;
			buildActionMask = 2147483647;
			files = (
			);
			runOnlyForDeploymentPostprocessing = 0;
		};
/* End PBXFrameworksBuildPhase section */

/* Begin PBXGroup section */
		EE44B5381FDC22B300CADE26 = {
			isa = PBXGroup;
			children = (
				EE44B5431FDC22B300CADE26 /* TestApp */,
				EE44B5581FDC22B300CADE26 /* TestAppTests */,
				EE44B5631FDC22B300CADE26 /* TestAppUITests */,
				EE44B5421FDC22B300CADE26 /* Products */,
			);
			sourceTree = "<group>";
		};
		EE44B5421FDC22B300CADE26 /* Products */ = {
			isa = PBXGroup;
			children = (
				EE44B5411FDC22B300CADE26 /* TestApp.app */,
				EE44B5551FDC22B300CADE26 /* TestAppTests.xctest */,
				EE44B5601FDC22B300CADE26 /* TestAppUITests.xctest */,
			);
			name = Products;
			sourceTree = "<group>";
		};
		EE44B5431FDC22B300CADE26 /* TestApp */ = {
			isa = PBXGroup;
			children = (
				EE44B5441FDC22B300CADE26 /* AppDelegate.swift */,
				EE44B5461FDC22B300CADE26 /* ViewController.swift */,
				EE44B5481FDC22B300CADE26 /* Main.storyboard */,
				EE44B54B1FDC22B300CADE26 /* Assets.xcassets */,
				EE44B54D1FDC22B300CADE26 /* LaunchScreen.storyboard */,
				EE44B5501FDC22B300CADE26 /* Info.plist */,
			);
			path = TestApp;
			sourceTree = "<group>";
		};
		EE44B5581FDC22B300CADE26 /* TestAppTests */ = {
			isa = PBXGroup;
			children = (
				EE44B5591FDC22B300CADE26 /* TestAppTests.swift */,
				EE44B55B1FDC22B300CADE26 /* Info.plist */,
			);
			path = TestAppTests;
			sourceTree = "<group>";
		};
		EE44B5631FDC22B300CADE26 /* TestAppUITests */ = {
			isa = PBXGroup;
			children = (
				EE44B5641FDC22B300CADE26 /* TestAppUITests.swift */,
				EE44B5661FDC22B300CADE26 /* Info.plist */,
			);
			path = TestAppUITests;
			sourceTree = "<group>";
		};
/* End PBXGroup section */

/* Begin PBXNativeTarget section */
		EE44B5401FDC22B300CADE26 /* TestApp */ = {
			isa = PBXNativeTarget;
			buildConfigurationList = EE44B5691FDC22B300CADE26 /* Build configuration list for PBXNativeTarget "TestApp" */;
			buildPhases = (
				EE44B53D1FDC22B300CADE26 /* Sources */,
				EE44B53E1FDC22B300CADE26 /* Frameworks */,
				EE44B53F1FDC22B300CADE26 /* Resources */,
			);
			buildRules = (
			);
			dependencies = (
			);
			name = TestApp;
			productName = TestApp;
			productReference = EE44B5411FDC22B300CADE26 /* TestApp.app */;
			productType = "com.apple.product-type.application";
		};
		EE44B5541FDC22B300CADE26 /* TestAppTests */ = {
			isa = PBXNativeTarget;
			buildConfigurationList = EE44B56C1FDC22B300CADE26 /* Build configuration list for PBXNativeTarget "TestAppTests" */;
			buildPhases = (
				EE44B5511FDC22B300CADE26 /* Sources */,
				EE44B5521FDC22B300CADE26 /* Frameworks */,
				EE44B5531FDC22B300CADE26 /* Resources */,
			);
			buildRules = (
			);
			dependencies = (
				EE44B5571FDC22B300CADE26 /* PBXTargetDependency */,
			);
			name = TestAppTests;
			productName = TestAppTests;
			productReference = EE44B5551FDC22B300CADE26 /* TestAppTests.xctest */;
			productType = "com.apple.product-type.bundle.unit-test";
		};
		EE44B55F1FDC22B300CADE26 /* TestAppUITests */ = {
			isa = PBXNativeTarget;
			buildConfigurationList = EE44B56F1FDC22B300CADE26 /* Build configuration list for PBXNativeTarget "TestAppUITests" */;
			buildPhases = (
				EE44B55C1FDC22B300CADE26 /* Sources */,
				EE44B55D1FDC22B300CADE26 /* Frameworks */,
				EE44B55E1FDC22B300CADE26 /* Resources */,
			);
			buildRules = (
			);
			dependencies = (
				EE44B5621FDC22B300CADE26 /* PBXTargetDependency */,
			);
			name = TestAppUITests;
			productName = TestAppUITests;
			productReference = EE44B5601FDC22B300CADE26 /* TestAppUITests.xctest */;
			productType = "com.apple.product-type.bundle.ui-testing";
		};
/* End PBXNativeTarget section */

/* Begin PBXProject section */
		EE44B5391FDC22B300CADE26 /* Project object */ = {
			isa = PBXProject;
			attributes = {
				LastSwiftUpdateCheck = 0910;
				LastUpgradeCheck = 0910;
				ORGANIZATIONNAME = "Zhenya Taran";
				TargetAttributes = {
					EE44B5401FDC22B300CADE26 = {
						CreatedOnToolsVersion = 9.1;
						ProvisioningStyle = Automatic;
					};
					EE44B5541FDC22B300CADE26 = {
						CreatedOnToolsVersion = 9.1;
						ProvisioningStyle = Automatic;
						TestTargetID = EE44B5401FDC22B300CADE26;
					};
					EE44B55F1FDC22B300CADE26 = {
						CreatedOnToolsVersion = 9.1;
						ProvisioningStyle = Automatic;
						TestTargetID = EE44B5401FDC22B300CADE26;
					};
				};
			};
			buildConfigurationList = EE44B53C1FDC22B300CADE26 /* Build configuration list for PBXProject "TestApp" */;
			compatibilityVersion = "Xcode 8.0";
			developmentRegion = en;
			hasScannedForEncodings = 0;
			knownRegions = (
				en,
				Base,
			);
			mainGroup = EE44B5381FDC22B300CADE26;
			productRefGroup = EE44B5421FDC22B300CADE26 /* Products */;
			projectDirPath = "";
			projectRoot = "";
			targets = (
				EE44B5401FDC22B300CADE26 /* TestApp */,
				EE44B5541FDC22B300CADE26 /* TestAppTests */,
				EE44B55F1FDC22B300CADE26 /* TestAppUITests */,
			);
		};
/* End PBXProject section */

/* Begin PBXResourcesBuildPhase section */
		EE44B53F1FDC22B300CADE26 /* Resources */ = {
			isa = PBXResourcesBuildPhase;
			buildActionMask = 2147483647;
			files = (
				EE44B54F1FDC22B300CADE26 /* LaunchScreen.storyboard in Resources */,
				EE44B54C1FDC22B300CADE26 /* Assets.xcassets in Resources */,
				EE44B54A1FDC22B300CADE26 /* Main.storyboard in Resources */,
			);
			runOnlyForDeploymentPostprocessing = 0;
		};
		EE44B5531FDC22B300CADE26 /* Resources */ = {
			isa = PBXResourcesBuildPhase;
			buildActionMask = 2147483647;
			files = (
			);
			runOnlyForDeploymentPostprocessing = 0;
		};
		EE44B55E1FDC22B300CADE26 /* Resources */ = {
			isa = PBXResourcesBuildPhase;
			buildActionMask = 2147483647;
			files = (
			);
			runOnlyForDeploymentPostprocessing = 0;
		};
/* End PBXResourcesBuildPhase section */

/* Begin PBXSourcesBuildPhase section */
		EE44B53D1FDC22B300CADE26 /* Sources */ = {
			isa = PBXSourcesBuildPhase;
			buildActionMask = 2147483647;
			files = (
				EE44B5471FDC22B300CADE26 /* ViewController.swift in Sources */,
				EE44B5451FDC22B300CADE26 /* AppDelegate.swift in Sources */,
			);
			runOnlyForDeploymentPostprocessing = 0;
		};
		EE44B5511FDC22B300CADE26 /* Sources */ = {
			isa = PBXSourcesBuildPhase;
			buildActionMask = 2147483647;
			files = (
				EE44B55A1FDC22B300CADE26 /* TestAppTests.swift in Sources */,
			);
			runOnlyForDeploymentPostprocessing = 0;
		};
		EE44B55C1FDC22B300CADE26 /* Sources */ = {
			isa = PBXSourcesBuildPhase;
			buildActionMask = 2147483647;
			files = (
				EE44B5651FDC22B300CADE26 /* TestAppUITests.swift in Sources */,
			);
			runOnlyForDeploymentPostprocessing = 0;
		};
/* End PBXSourcesBuildPhase section */

/* Begin PBXTargetDependency section */
		EE44B5571FDC22B300CADE26 /* PBXTargetDependency */ = {
			isa = PBXTargetDependency;
			target = EE44B5401FDC22B300CADE26 /* TestApp */;
			targetProxy = EE44B5561FDC22B300CADE26 /* PBXContainerItemProxy */;
		};
		EE44B5621FDC22B300CADE26 /* PBXTargetDependency */ = {
			isa = PBXTargetDependency;
			target = EE44B5401FDC22B300CADE26 /* TestApp */;
			targetProxy = EE44B5611FDC22B300CADE26 /* PBXContainerItemProxy */;
		};
/* End PBXTargetDependency section */

/* Begin PBXVariantGroup section */
		EE44B5481FDC22B300CADE26 /* Main.storyboard */ = {
			isa = PBXVariantGroup;
			children = (
				EE44B5491FDC22B300CADE26 /* Base */,
			);
			name = Main.storyboard;
			sourceTree = "<group>";
		};
		EE44B54D1FDC22B300CADE26 /* LaunchScreen.storyboard */ = {
			isa = PBXVariantGroup;
			children = (
				EE44B54E1FDC22B300CADE26 /* Base */,
			);
			name = LaunchScreen.storyboard;
			sourceTree = "<group>";
		};
/* End PBXVariantGroup section */

/* Begin XCBuildConfiguration section */
		EE44B5671FDC22B300CADE26 /* Debug */ = {
			isa = XCBuildConfiguration;
			buildSettings = {
				ALWAYS_SEARCH_USER_PATHS = NO;
				CLANG_ANALYZER_NONNULL = YES;
				CLANG_ANALYZER_NUMBER_OBJECT_CONVERSION = YES_AGGRESSIVE;
				CLANG_CXX_LANGUAGE_STANDARD = "gnu++14";
				CLANG_CXX_LIBRARY = "libc++";
				CLANG_ENABLE_MODULES = YES;
				CLANG_ENABLE_OBJC_ARC = YES;
				CLANG_WARN_BLOCK_CAPTURE_AUTORELEASING = YES;
				CLANG_WARN_BOOL_CONVERSION = YES;
				CLANG_WARN_COMMA = YES;
				CLANG_WARN_CONSTANT_CONVERSION = YES;
				CLANG_WARN_DIRECT_OBJC_ISA_USAGE = YES_ERROR;
				CLANG_WARN_DOCUMENTATION_COMMENTS = YES;
				CLANG_WARN_EMPTY_BODY = YES;
				CLANG_WARN_ENUM_CONVERSION = YES;
				CLANG_WARN_INFINITE_RECURSION = YES;
				CLANG_WARN_INT_CONVERSION = YES;
				CLANG_WARN_NON_LITERAL_NULL_CONVERSION = YES;
				CLANG_WARN_OBJC_LITERAL_CONVERSION = YES;
				CLANG_WARN_OBJC_ROOT_CLASS = YES_ERROR;
				CLANG_WARN_RANGE_LOOP_ANALYSIS = YES;
				CLANG_WARN_STRICT_PROTOTYPES = YES;
				CLANG_WARN_SUSPICIOUS_MOVE = YES;
				CLANG_WARN_UNGUARDED_AVAILABILITY = YES_AGGRESSIVE;
				CLANG_WARN_UNREACHABLE_CODE = YES;
				CLANG_WARN__DUPLICATE_METHOD_MATCH = YES;
				CODE_SIGN_IDENTITY = "iPhone Developer";
				COPY_PHASE_STRIP = NO;
				DEBUG_INFORMATION_FORMAT = dwarf;
				ENABLE_STRICT_OBJC_MSGSEND = YES;
				ENABLE_TESTABILITY = YES;
				GCC_C_LANGUAGE_STANDARD = gnu11;
				GCC_DYNAMIC_NO_PIC = NO;
				GCC_NO_COMMON_BLOCKS = YES;
				GCC_OPTIMIZATION_LEVEL = 0;
				GCC_PREPROCESSOR_DEFINITIONS = (
					"DEBUG=1",
					"$(inherited)",
				);
				GCC_WARN_64_TO_32_BIT_CONVERSION = YES;
				GCC_WARN_ABOUT_RETURN_TYPE = YES_ERROR;
				GCC_WARN_UNDECLARED_SELECTOR = YES;
				GCC_WARN_UNINITIALIZED_AUTOS = YES_AGGRESSIVE;
				GCC_WARN_UNUSED_FUNCTION = YES;
				GCC_WARN_UNUSED_VARIABLE = YES;
				IPHONEOS_DEPLOYMENT_TARGET = 11.1;
				MTL_ENABLE_DEBUG_INFO = YES;
				ONLY_ACTIVE_ARCH = YES;
				SDKROOT = iphoneos;
				SWIFT_ACTIVE_COMPILATION_CONDITIONS = DEBUG;
				SWIFT_OPTIMIZATION_LEVEL = "-Onone";
			};
			name = Debug;
		};
		EE44B5681FDC22B300CADE26 /* Release */ = {
			isa = XCBuildConfiguration;
			buildSettings = {
				ALWAYS_SEARCH_USER_PATHS = NO;
				CLANG_ANALYZER_NONNULL = YES;
				CLANG_ANALYZER_NUMBER_OBJECT_CONVERSION = YES_AGGRESSIVE;
				CLANG_CXX_LANGUAGE_STANDARD = "gnu++14";
				CLANG_CXX_LIBRARY = "libc++";
				CLANG_ENABLE_MODULES = YES;
				CLANG_ENABLE_OBJC_ARC = YES;
				CLANG_WARN_BLOCK_CAPTURE_AUTORELEASING = YES;
				CLANG_WARN_BOOL_CONVERSION = YES;
				CLANG_WARN_COMMA = YES;
				CLANG_WARN_CONSTANT_CONVERSION = YES;
				CLANG_WARN_DIRECT_OBJC_ISA_USAGE = YES_ERROR;
				CLANG_WARN_DOCUMENTATION_COMMENTS = YES;
				CLANG_WARN_EMPTY_BODY = YES;
				CLANG_WARN_ENUM_CONVERSION = YES;
				CLANG_WARN_INFINITE_RECURSION = YES;
				CLANG_WARN_INT_CONVERSION = YES;
				CLANG_WARN_NON_LITERAL_NULL_CONVERSION = YES;
				CLANG_WARN_OBJC_LITERAL_CONVERSION = YES;
				CLANG_WARN_OBJC_ROOT_CLASS = YES_ERROR;
				CLANG_WARN_RANGE_LOOP_ANALYSIS = YES;
				CLANG_WARN_STRICT_PROTOTYPES = YES;
				CLANG_WARN_SUSPICIOUS_MOVE = YES;
				CLANG_WARN_UNGUARDED_AVAILABILITY = YES_AGGRESSIVE;
				CLANG_WARN_UNREACHABLE_CODE = YES;
				CLANG_WARN__DUPLICATE_METHOD_MATCH = YES;
				CODE_SIGN_IDENTITY = "iPhone Developer";
				COPY_PHASE_STRIP = NO;
				DEBUG_INFORMATION_FORMAT = "dwarf-with-dsym";
				ENABLE_NS_ASSERTIONS = NO;
				ENABLE_STRICT_OBJC_MSGSEND = YES;
				GCC_C_LANGUAGE_STANDARD = gnu11;
				GCC_NO_COMMON_BLOCKS = YES;
				GCC_WARN_64_TO_32_BIT_CONVERSION = YES;
				GCC_WARN_ABOUT_RETURN_TYPE = YES_ERROR;
				GCC_WARN_UNDECLARED_SELECTOR = YES;
				GCC_WARN_UNINITIALIZED_AUTOS = YES_AGGRESSIVE;
				GCC_WARN_UNUSED_FUNCTION = YES;
				GCC_WARN_UNUSED_VARIABLE = YES;
				IPHONEOS_DEPLOYMENT_TARGET = 11.1;
				MTL_ENABLE_DEBUG_INFO = NO;
				SDKROOT = iphoneos;
				SWIFT_OPTIMIZATION_LEVEL = "-Owholemodule";
				VALIDATE_PRODUCT = YES;
			};
			name = Release;
		};
		EE44B56A1FDC22B300CADE26 /* Debug */ = {
			isa = XCBuildConfiguration;
			buildSettings = {
				ASSETCATALOG_COMPILER_APPICON_NAME = AppIcon;
				CODE_SIGN_STYLE = Automatic;
				DEVELOPMENT_TEAM = Y683TFA2UW;
				INFOPLIST_FILE = TestApp/Info.plist;
				LD_RUNPATH_SEARCH_PATHS = "$(inherited) @executable_path/Frameworks";
				PRODUCT_BUNDLE_IDENTIFIER = TaranInc.TestApp;
				PRODUCT_NAME = "$(TARGET_NAME)";
				SWIFT_VERSION = 4.0;
				TARGETED_DEVICE_FAMILY = "1,2";
			};
			name = Debug;
		};
		EE44B56B1FDC22B300CADE26 /* Release */ = {
			isa = XCBuildConfiguration;
			buildSettings = {
				ASSETCATALOG_COMPILER_APPICON_NAME = AppIcon;
				CODE_SIGN_STYLE = Automatic;
				DEVELOPMENT_TEAM = Y683TFA2UW;
				INFOPLIST_FILE = TestApp/Info.plist;
				LD_RUNPATH_SEARCH_PATHS = "$(inherited) @executable_path/Frameworks";
				PRODUCT_BUNDLE_IDENTIFIER = TaranInc.TestApp;
				PRODUCT_NAME = "$(TARGET_NAME)";
				SWIFT_VERSION = 4.0;
				TARGETED_DEVICE_FAMILY = "1,2";
			};
			name = Release;
		};
		EE44B56D1FDC22B300CADE26 /* Debug */ = {
			isa = XCBuildConfiguration;
			buildSettings = {
				ALWAYS_EMBED_SWIFT_STANDARD_LIBRARIES = YES;
				BUNDLE_LOADER = "$(TEST_HOST)";
				CODE_SIGN_STYLE = Automatic;
				DEVELOPMENT_TEAM = Y683TFA2UW;
				INFOPLIST_FILE = TestAppTests/Info.plist;
				LD_RUNPATH_SEARCH_PATHS = "$(inherited) @executable_path/Frameworks @loader_path/Frameworks";
				PRODUCT_BUNDLE_IDENTIFIER = TaranInc.TestAppTests;
				PRODUCT_NAME = "$(TARGET_NAME)";
				SWIFT_VERSION = 4.0;
				TARGETED_DEVICE_FAMILY = "1,2";
				TEST_HOST = "$(BUILT_PRODUCTS_DIR)/TestApp.app/TestApp";
			};
			name = Debug;
		};
		EE44B56E1FDC22B300CADE26 /* Release */ = {
			isa = XCBuildConfiguration;
			buildSettings = {
				ALWAYS_EMBED_SWIFT_STANDARD_LIBRARIES = YES;
				BUNDLE_LOADER = "$(TEST_HOST)";
				CODE_SIGN_STYLE = Automatic;
				DEVELOPMENT_TEAM = Y683TFA2UW;
				INFOPLIST_FILE = TestAppTests/Info.plist;
				LD_RUNPATH_SEARCH_PATHS = "$(inherited) @executable_path/Frameworks @loader_path/Frameworks";
				PRODUCT_BUNDLE_IDENTIFIER = TaranInc.TestAppTests;
				PRODUCT_NAME = "$(TARGET_NAME)";
				SWIFT_VERSION = 4.0;
				TARGETED_DEVICE_FAMILY = "1,2";
				TEST_HOST = "$(BUILT_PRODUCTS_DIR)/TestApp.app/TestApp";
			};
			name = Release;
		};
		EE44B5701FDC22B300CADE26 /* Debug */ = {
			isa = XCBuildConfiguration;
			buildSettings = {
				ALWAYS_EMBED_SWIFT_STANDARD_LIBRARIES = YES;
				CODE_SIGN_STYLE = Automatic;
				DEVELOPMENT_TEAM = Y683TFA2UW;
				INFOPLIST_FILE = TestAppUITests/Info.plist;
				LD_RUNPATH_SEARCH_PATHS = "$(inherited) @executable_path/Frameworks @loader_path/Frameworks";
				PRODUCT_BUNDLE_IDENTIFIER = TaranInc.TestAppUITests;
				PRODUCT_NAME = "$(TARGET_NAME)";
				SWIFT_VERSION = 4.0;
				TARGETED_DEVICE_FAMILY = "1,2";
				TEST_TARGET_NAME = TestApp;
			};
			name = Debug;
		};
		EE44B5711FDC22B300CADE26 /* Release */ = {
			isa = XCBuildConfiguration;
			buildSettings = {
				ALWAYS_EMBED_SWIFT_STANDARD_LIBRARIES = YES;
				CODE_SIGN_STYLE = Automatic;
				DEVELOPMENT_TEAM = Y683TFA2UW;
				INFOPLIST_FILE = TestAppUITests/Info.plist;
				LD_RUNPATH_SEARCH_PATHS = "$(inherited) @executable_path/Frameworks @loader_path/Frameworks";
				PRODUCT_BUNDLE_IDENTIFIER = TaranInc.TestAppUITests;
				PRODUCT_NAME = "$(TARGET_NAME)";
				SWIFT_VERSION = 4.0;
				TARGETED_DEVICE_FAMILY = "1,2";
				TEST_TARGET_NAME = TestApp;
			};
			name = Release;
		};
/* End XCBuildConfiguration section */

/* Begin XCConfigurationList section */
		EE44B53C1FDC22B300CADE26 /* Build configuration list for PBXProject "TestApp" */ = {
			isa = XCConfigurationList;
			buildConfigurations = (
				EE44B5671FDC22B300CADE26 /* Debug */,
				EE44B5681FDC22B300CADE26 /* Release */,
			);
			defaultConfigurationIsVisible = 0;
			defaultConfigurationName = Release;
		};
		EE44B5691FDC22B300CADE26 /* Build configuration list for PBXNativeTarget "TestApp" */ = {
			isa = XCConfigurationList;
			buildConfigurations = (
				EE44B56A1FDC22B300CADE26 /* Debug */,
				EE44B56B1FDC22B300CADE26 /* Release */,
			);
			defaultConfigurationIsVisible = 0;
			defaultConfigurationName = Release;
		};
		EE44B56C1FDC22B300CADE26 /* Build configuration list for PBXNativeTarget "TestAppTests" */ = {
			isa = XCConfigurationList;
			buildConfigurations = (
				EE44B56D1FDC22B300CADE26 /* Debug */,
				EE44B56E1FDC22B300CADE26 /* Release */,
			);
			defaultConfigurationIsVisible = 0;
			defaultConfigurationName = Release;
		};
		EE44B56F1FDC22B300CADE26 /* Build configuration list for PBXNativeTarget "TestAppUITests" */ = {
			isa = XCConfigurationList;
			buildConfigurations = (
				EE44B5701FDC22B300CADE26 /* Debug */,
				EE44B5711FDC22B300CADE26 /* Release */,
			);
			defaultConfigurationIsVisible = 0;
			defaultConfigurationName = Release;
		};
/* End XCConfigurationList section */
	};
	rootObject = EE44B5391FDC22B300CADE26 /* Project object */;
}
